// !$*UTF8*$!
{
	archiveVersion = 1;
	classes = {
	};
	objectVersion = 56;
	objects = {

/* Begin PBXBuildFile section */
		5A2183222BF909E500D03A21 /* AppDelegate.swift in Sources */ = {isa = PBXBuildFile; fileRef = 5A2183212BF909E500D03A21 /* AppDelegate.swift */; };
		5A2183262BF909E500D03A21 /* ViewController.swift in Sources */ = {isa = PBXBuildFile; fileRef = 5A2183252BF909E500D03A21 /* ViewController.swift */; };
		5A21832B2BF909E600D03A21 /* Assets.xcassets in Resources */ = {isa = PBXBuildFile; fileRef = 5A21832A2BF909E600D03A21 /* Assets.xcassets */; };
		5A2EA5BD2C0DA50B0024CD28 /* CompressionResistanceVC.swift in Sources */ = {isa = PBXBuildFile; fileRef = 5A2EA5BC2C0DA50B0024CD28 /* CompressionResistanceVC.swift */; };
		5A7E6A962C099FD500AECC06 /* LayoutMargins+Exmp.swift in Sources */ = {isa = PBXBuildFile; fileRef = 5A7E6A952C099FD500AECC06 /* LayoutMargins+Exmp.swift */; };
		5A8C6CA32C2716B400EE3C9F /* FactoryFunctions.swift in Sources */ = {isa = PBXBuildFile; fileRef = 5A8C6CA22C2716B400EE3C9F /* FactoryFunctions.swift */; };
		5A8C6CA52C2716D800EE3C9F /* SpotiPlayerVC.swift in Sources */ = {isa = PBXBuildFile; fileRef = 5A8C6CA42C2716D800EE3C9F /* SpotiPlayerVC.swift */; };
		5AB8726D2C29A1E300FB8C2A /* RowView.swift in Sources */ = {isa = PBXBuildFile; fileRef = 5AB8726C2C29A1E300FB8C2A /* RowView.swift */; };
		5AB8726F2C29A3E400FB8C2A /* PlaybackVC.swift in Sources */ = {isa = PBXBuildFile; fileRef = 5AB8726E2C29A3E400FB8C2A /* PlaybackVC.swift */; };
		5AB872712C29A4B000FB8C2A /* PlaybackFactoryFuncs.swift in Sources */ = {isa = PBXBuildFile; fileRef = 5AB872702C29A4B000FB8C2A /* PlaybackFactoryFuncs.swift */; };
		5ABE84192BFB2F150005EF4C /* SafeLayoutVC.swift in Sources */ = {isa = PBXBuildFile; fileRef = 5ABE84182BFB2F150005EF4C /* SafeLayoutVC.swift */; };
		5AD4CDE42C32FAC30009D68B /* ProgressRow.swift in Sources */ = {isa = PBXBuildFile; fileRef = 5AD4CDE32C32FAC30009D68B /* ProgressRow.swift */; };
		5AE587202C341ADB00257E21 /* PlayerView.swift in Sources */ = {isa = PBXBuildFile; fileRef = 5AE5871F2C341ADB00257E21 /* PlayerView.swift */; };
		5AE587242C342B5400257E21 /* screenshot2.png in Resources */ = {isa = PBXBuildFile; fileRef = 5AE587222C342B5400257E21 /* screenshot2.png */; };
		5AE587252C342B5400257E21 /* screenshot1.png in Resources */ = {isa = PBXBuildFile; fileRef = 5AE587232C342B5400257E21 /* screenshot1.png */; };
/* End PBXBuildFile section */

/* Begin PBXFileReference section */
		5A21831E2BF909E500D03A21 /* AutoLayoutP.app */ = {isa = PBXFileReference; explicitFileType = wrapper.application; includeInIndex = 0; path = AutoLayoutP.app; sourceTree = BUILT_PRODUCTS_DIR; };
		5A2183212BF909E500D03A21 /* AppDelegate.swift */ = {isa = PBXFileReference; lastKnownFileType = sourcecode.swift; path = AppDelegate.swift; sourceTree = "<group>"; };
		5A2183252BF909E500D03A21 /* ViewController.swift */ = {isa = PBXFileReference; lastKnownFileType = sourcecode.swift; path = ViewController.swift; sourceTree = "<group>"; };
		5A21832A2BF909E600D03A21 /* Assets.xcassets */ = {isa = PBXFileReference; lastKnownFileType = folder.assetcatalog; path = Assets.xcassets; sourceTree = "<group>"; };
		5A21832F2BF909E600D03A21 /* Info.plist */ = {isa = PBXFileReference; lastKnownFileType = text.plist.xml; path = Info.plist; sourceTree = "<group>"; };
		5A2EA5BC2C0DA50B0024CD28 /* CompressionResistanceVC.swift */ = {isa = PBXFileReference; lastKnownFileType = sourcecode.swift; path = CompressionResistanceVC.swift; sourceTree = "<group>"; };
		5A7E6A942C09994700AECC06 /* Exmp.playground */ = {isa = PBXFileReference; lastKnownFileType = file.playground; path = Exmp.playground; sourceTree = "<group>"; xcLanguageSpecificationIdentifier = xcode.lang.swift; };
		5A7E6A952C099FD500AECC06 /* LayoutMargins+Exmp.swift */ = {isa = PBXFileReference; lastKnownFileType = sourcecode.swift; path = "LayoutMargins+Exmp.swift"; sourceTree = "<group>"; };
		5A8C6CA22C2716B400EE3C9F /* FactoryFunctions.swift */ = {isa = PBXFileReference; lastKnownFileType = sourcecode.swift; path = FactoryFunctions.swift; sourceTree = "<group>"; };
		5A8C6CA42C2716D800EE3C9F /* SpotiPlayerVC.swift */ = {isa = PBXFileReference; lastKnownFileType = sourcecode.swift; path = SpotiPlayerVC.swift; sourceTree = "<group>"; };
		5AB8726C2C29A1E300FB8C2A /* RowView.swift */ = {isa = PBXFileReference; lastKnownFileType = sourcecode.swift; path = RowView.swift; sourceTree = "<group>"; };
		5AB8726E2C29A3E400FB8C2A /* PlaybackVC.swift */ = {isa = PBXFileReference; lastKnownFileType = sourcecode.swift; path = PlaybackVC.swift; sourceTree = "<group>"; };
		5AB872702C29A4B000FB8C2A /* PlaybackFactoryFuncs.swift */ = {isa = PBXFileReference; lastKnownFileType = sourcecode.swift; path = PlaybackFactoryFuncs.swift; sourceTree = "<group>"; };
		5ABE84182BFB2F150005EF4C /* SafeLayoutVC.swift */ = {isa = PBXFileReference; lastKnownFileType = sourcecode.swift; path = SafeLayoutVC.swift; sourceTree = "<group>"; };
		5AD4CDE32C32FAC30009D68B /* ProgressRow.swift */ = {isa = PBXFileReference; lastKnownFileType = sourcecode.swift; path = ProgressRow.swift; sourceTree = "<group>"; };
		5AE5871F2C341ADB00257E21 /* PlayerView.swift */ = {isa = PBXFileReference; lastKnownFileType = sourcecode.swift; path = PlayerView.swift; sourceTree = "<group>"; };
		5AE587222C342B5400257E21 /* screenshot2.png */ = {isa = PBXFileReference; lastKnownFileType = image.png; path = screenshot2.png; sourceTree = "<group>"; };
		5AE587232C342B5400257E21 /* screenshot1.png */ = {isa = PBXFileReference; lastKnownFileType = image.png; path = screenshot1.png; sourceTree = "<group>"; };
/* End PBXFileReference section */

/* Begin PBXFrameworksBuildPhase section */
		5A21831B2BF909E500D03A21 /* Frameworks */ = {
			isa = PBXFrameworksBuildPhase;
			buildActionMask = 2147483647;
			files = (
			);
			runOnlyForDeploymentPostprocessing = 0;
		};
/* End PBXFrameworksBuildPhase section */

/* Begin PBXGroup section */
		5A2183152BF909E500D03A21 = {
			isa = PBXGroup;
			children = (
				5A2183202BF909E500D03A21 /* AutoLayoutP */,
				5A21831F2BF909E500D03A21 /* Products */,
			);
			sourceTree = "<group>";
		};
		5A21831F2BF909E500D03A21 /* Products */ = {
			isa = PBXGroup;
			children = (
				5A21831E2BF909E500D03A21 /* AutoLayoutP.app */,
			);
			name = Products;
			sourceTree = "<group>";
		};
		5A2183202BF909E500D03A21 /* AutoLayoutP */ = {
			isa = PBXGroup;
			children = (
				5AE587212C342B3400257E21 /* Images */,
				5A21832A2BF909E600D03A21 /* Assets.xcassets */,
				5A21832F2BF909E600D03A21 /* Info.plist */,
				5A2183212BF909E500D03A21 /* AppDelegate.swift */,
				5ABE841A2BFB2F930005EF4C /* Controller */,
				5A8C6CA12C2716A000EE3C9F /* SpotifyPlayer */,
				5A8C6CA42C2716D800EE3C9F /* SpotiPlayerVC.swift */,
				5AD4CDE32C32FAC30009D68B /* ProgressRow.swift */,
				5AE5871F2C341ADB00257E21 /* PlayerView.swift */,
			);
			path = AutoLayoutP;
			sourceTree = "<group>";
		};
		5A8C6CA12C2716A000EE3C9F /* SpotifyPlayer */ = {
			isa = PBXGroup;
			children = (
				5A8C6CA22C2716B400EE3C9F /* FactoryFunctions.swift */,
				5AB8726C2C29A1E300FB8C2A /* RowView.swift */,
				5AB8726E2C29A3E400FB8C2A /* PlaybackVC.swift */,
				5AB872702C29A4B000FB8C2A /* PlaybackFactoryFuncs.swift */,
			);
			path = SpotifyPlayer;
			sourceTree = "<group>";
		};
		5ABE841A2BFB2F930005EF4C /* Controller */ = {
			isa = PBXGroup;
			children = (
				5ABE84182BFB2F150005EF4C /* SafeLayoutVC.swift */,
				5A2183252BF909E500D03A21 /* ViewController.swift */,
				5A7E6A942C09994700AECC06 /* Exmp.playground */,
				5A7E6A952C099FD500AECC06 /* LayoutMargins+Exmp.swift */,
				5A2EA5BC2C0DA50B0024CD28 /* CompressionResistanceVC.swift */,
			);
			path = Controller;
			sourceTree = "<group>";
		};
		5AE587212C342B3400257E21 /* Images */ = {
			isa = PBXGroup;
			children = (
				5AE587232C342B5400257E21 /* screenshot1.png */,
				5AE587222C342B5400257E21 /* screenshot2.png */,
			);
			path = Images;
			sourceTree = "<group>";
		};
/* End PBXGroup section */

/* Begin PBXNativeTarget section */
		5A21831D2BF909E500D03A21 /* AutoLayoutP */ = {
			isa = PBXNativeTarget;
			buildConfigurationList = 5A2183322BF909E600D03A21 /* Build configuration list for PBXNativeTarget "AutoLayoutP" */;
			buildPhases = (
				5A21831A2BF909E500D03A21 /* Sources */,
				5A21831B2BF909E500D03A21 /* Frameworks */,
				5A21831C2BF909E500D03A21 /* Resources */,
			);
			buildRules = (
			);
			dependencies = (
			);
			name = AutoLayoutP;
			productName = AutoLayoutP;
			productReference = 5A21831E2BF909E500D03A21 /* AutoLayoutP.app */;
			productType = "com.apple.product-type.application";
		};
/* End PBXNativeTarget section */

/* Begin PBXProject section */
		5A2183162BF909E500D03A21 /* Project object */ = {
			isa = PBXProject;
			attributes = {
				BuildIndependentTargetsInParallel = 1;
				LastSwiftUpdateCheck = 1540;
				LastUpgradeCheck = 1540;
				TargetAttributes = {
					5A21831D2BF909E500D03A21 = {
						CreatedOnToolsVersion = 15.4;
					};
				};
			};
			buildConfigurationList = 5A2183192BF909E500D03A21 /* Build configuration list for PBXProject "AutoLayoutP" */;
			compatibilityVersion = "Xcode 14.0";
			developmentRegion = en;
			hasScannedForEncodings = 0;
			knownRegions = (
				en,
				Base,
			);
			mainGroup = 5A2183152BF909E500D03A21;
			productRefGroup = 5A21831F2BF909E500D03A21 /* Products */;
			projectDirPath = "";
			projectRoot = "";
			targets = (
				5A21831D2BF909E500D03A21 /* AutoLayoutP */,
			);
		};
/* End PBXProject section */

/* Begin PBXResourcesBuildPhase section */
		5A21831C2BF909E500D03A21 /* Resources */ = {
			isa = PBXResourcesBuildPhase;
			buildActionMask = 2147483647;
			files = (
				5AE587242C342B5400257E21 /* screenshot2.png in Resources */,
				5A21832B2BF909E600D03A21 /* Assets.xcassets in Resources */,
				5AE587252C342B5400257E21 /* screenshot1.png in Resources */,
			);
			runOnlyForDeploymentPostprocessing = 0;
		};
/* End PBXResourcesBuildPhase section */

/* Begin PBXSourcesBuildPhase section */
		5A21831A2BF909E500D03A21 /* Sources */ = {
			isa = PBXSourcesBuildPhase;
			buildActionMask = 2147483647;
			files = (
				5AD4CDE42C32FAC30009D68B /* ProgressRow.swift in Sources */,
				5A2183262BF909E500D03A21 /* ViewController.swift in Sources */,
				5AB8726F2C29A3E400FB8C2A /* PlaybackVC.swift in Sources */,
				5AE587202C341ADB00257E21 /* PlayerView.swift in Sources */,
				5A2183222BF909E500D03A21 /* AppDelegate.swift in Sources */,
				5AB872712C29A4B000FB8C2A /* PlaybackFactoryFuncs.swift in Sources */,
				5A8C6CA32C2716B400EE3C9F /* FactoryFunctions.swift in Sources */,
				5AB8726D2C29A1E300FB8C2A /* RowView.swift in Sources */,
				5ABE84192BFB2F150005EF4C /* SafeLayoutVC.swift in Sources */,
				5A8C6CA52C2716D800EE3C9F /* SpotiPlayerVC.swift in Sources */,
				5A2EA5BD2C0DA50B0024CD28 /* CompressionResistanceVC.swift in Sources */,
				5A7E6A962C099FD500AECC06 /* LayoutMargins+Exmp.swift in Sources */,
			);
			runOnlyForDeploymentPostprocessing = 0;
		};
/* End PBXSourcesBuildPhase section */

/* Begin XCBuildConfiguration section */
		5A2183302BF909E600D03A21 /* Debug */ = {
			isa = XCBuildConfiguration;
			buildSettings = {
				ALWAYS_SEARCH_USER_PATHS = NO;
				ASSETCATALOG_COMPILER_GENERATE_SWIFT_ASSET_SYMBOL_EXTENSIONS = YES;
				CLANG_ANALYZER_NONNULL = YES;
				CLANG_ANALYZER_NUMBER_OBJECT_CONVERSION = YES_AGGRESSIVE;
				CLANG_CXX_LANGUAGE_STANDARD = "gnu++20";
				CLANG_ENABLE_MODULES = YES;
				CLANG_ENABLE_OBJC_ARC = YES;
				CLANG_ENABLE_OBJC_WEAK = YES;
				CLANG_WARN_BLOCK_CAPTURE_AUTORELEASING = YES;
				CLANG_WARN_BOOL_CONVERSION = YES;
				CLANG_WARN_COMMA = YES;
				CLANG_WARN_CONSTANT_CONVERSION = YES;
				CLANG_WARN_DEPRECATED_OBJC_IMPLEMENTATIONS = YES;
				CLANG_WARN_DIRECT_OBJC_ISA_USAGE = YES_ERROR;
				CLANG_WARN_DOCUMENTATION_COMMENTS = YES;
				CLANG_WARN_EMPTY_BODY = YES;
				CLANG_WARN_ENUM_CONVERSION = YES;
				CLANG_WARN_INFINITE_RECURSION = YES;
				CLANG_WARN_INT_CONVERSION = YES;
				CLANG_WARN_NON_LITERAL_NULL_CONVERSION = YES;
				CLANG_WARN_OBJC_IMPLICIT_RETAIN_SELF = YES;
				CLANG_WARN_OBJC_LITERAL_CONVERSION = YES;
				CLANG_WARN_OBJC_ROOT_CLASS = YES_ERROR;
				CLANG_WARN_QUOTED_INCLUDE_IN_FRAMEWORK_HEADER = YES;
				CLANG_WARN_RANGE_LOOP_ANALYSIS = YES;
				CLANG_WARN_STRICT_PROTOTYPES = YES;
				CLANG_WARN_SUSPICIOUS_MOVE = YES;
				CLANG_WARN_UNGUARDED_AVAILABILITY = YES_AGGRESSIVE;
				CLANG_WARN_UNREACHABLE_CODE = YES;
				CLANG_WARN__DUPLICATE_METHOD_MATCH = YES;
				COPY_PHASE_STRIP = NO;
				DEBUG_INFORMATION_FORMAT = dwarf;
				ENABLE_STRICT_OBJC_MSGSEND = YES;
				ENABLE_TESTABILITY = YES;
				ENABLE_USER_SCRIPT_SANDBOXING = YES;
				GCC_C_LANGUAGE_STANDARD = gnu17;
				GCC_DYNAMIC_NO_PIC = NO;
				GCC_NO_COMMON_BLOCKS = YES;
				GCC_OPTIMIZATION_LEVEL = 0;
				GCC_PREPROCESSOR_DEFINITIONS = (
					"DEBUG=1",
					"$(inherited)",
				);
				GCC_WARN_64_TO_32_BIT_CONVERSION = YES;
				GCC_WARN_ABOUT_RETURN_TYPE = YES_ERROR;
				GCC_WARN_UNDECLARED_SELECTOR = YES;
				GCC_WARN_UNINITIALIZED_AUTOS = YES_AGGRESSIVE;
				GCC_WARN_UNUSED_FUNCTION = YES;
				GCC_WARN_UNUSED_VARIABLE = YES;
				IPHONEOS_DEPLOYMENT_TARGET = 17.5;
				LOCALIZATION_PREFERS_STRING_CATALOGS = YES;
				MTL_ENABLE_DEBUG_INFO = INCLUDE_SOURCE;
				MTL_FAST_MATH = YES;
				ONLY_ACTIVE_ARCH = YES;
				SDKROOT = iphoneos;
				SWIFT_ACTIVE_COMPILATION_CONDITIONS = "DEBUG $(inherited)";
				SWIFT_OPTIMIZATION_LEVEL = "-Onone";
			};
			name = Debug;
		};
		5A2183312BF909E600D03A21 /* Release */ = {
			isa = XCBuildConfiguration;
			buildSettings = {
				ALWAYS_SEARCH_USER_PATHS = NO;
				ASSETCATALOG_COMPILER_GENERATE_SWIFT_ASSET_SYMBOL_EXTENSIONS = YES;
				CLANG_ANALYZER_NONNULL = YES;
				CLANG_ANALYZER_NUMBER_OBJECT_CONVERSION = YES_AGGRESSIVE;
				CLANG_CXX_LANGUAGE_STANDARD = "gnu++20";
				CLANG_ENABLE_MODULES = YES;
				CLANG_ENABLE_OBJC_ARC = YES;
				CLANG_ENABLE_OBJC_WEAK = YES;
				CLANG_WARN_BLOCK_CAPTURE_AUTORELEASING = YES;
				CLANG_WARN_BOOL_CONVERSION = YES;
				CLANG_WARN_COMMA = YES;
				CLANG_WARN_CONSTANT_CONVERSION = YES;
				CLANG_WARN_DEPRECATED_OBJC_IMPLEMENTATIONS = YES;
				CLANG_WARN_DIRECT_OBJC_ISA_USAGE = YES_ERROR;
				CLANG_WARN_DOCUMENTATION_COMMENTS = YES;
				CLANG_WARN_EMPTY_BODY = YES;
				CLANG_WARN_ENUM_CONVERSION = YES;
				CLANG_WARN_INFINITE_RECURSION = YES;
				CLANG_WARN_INT_CONVERSION = YES;
				CLANG_WARN_NON_LITERAL_NULL_CONVERSION = YES;
				CLANG_WARN_OBJC_IMPLICIT_RETAIN_SELF = YES;
				CLANG_WARN_OBJC_LITERAL_CONVERSION = YES;
				CLANG_WARN_OBJC_ROOT_CLASS = YES_ERROR;
				CLANG_WARN_QUOTED_INCLUDE_IN_FRAMEWORK_HEADER = YES;
				CLANG_WARN_RANGE_LOOP_ANALYSIS = YES;
				CLANG_WARN_STRICT_PROTOTYPES = YES;
				CLANG_WARN_SUSPICIOUS_MOVE = YES;
				CLANG_WARN_UNGUARDED_AVAILABILITY = YES_AGGRESSIVE;
				CLANG_WARN_UNREACHABLE_CODE = YES;
				CLANG_WARN__DUPLICATE_METHOD_MATCH = YES;
				COPY_PHASE_STRIP = NO;
				DEBUG_INFORMATION_FORMAT = "dwarf-with-dsym";
				ENABLE_NS_ASSERTIONS = NO;
				ENABLE_STRICT_OBJC_MSGSEND = YES;
				ENABLE_USER_SCRIPT_SANDBOXING = YES;
				GCC_C_LANGUAGE_STANDARD = gnu17;
				GCC_NO_COMMON_BLOCKS = YES;
				GCC_WARN_64_TO_32_BIT_CONVERSION = YES;
				GCC_WARN_ABOUT_RETURN_TYPE = YES_ERROR;
				GCC_WARN_UNDECLARED_SELECTOR = YES;
				GCC_WARN_UNINITIALIZED_AUTOS = YES_AGGRESSIVE;
				GCC_WARN_UNUSED_FUNCTION = YES;
				GCC_WARN_UNUSED_VARIABLE = YES;
				IPHONEOS_DEPLOYMENT_TARGET = 17.5;
				LOCALIZATION_PREFERS_STRING_CATALOGS = YES;
				MTL_ENABLE_DEBUG_INFO = NO;
				MTL_FAST_MATH = YES;
				SDKROOT = iphoneos;
				SWIFT_COMPILATION_MODE = wholemodule;
				VALIDATE_PRODUCT = YES;
			};
			name = Release;
		};
		5A2183332BF909E600D03A21 /* Debug */ = {
			isa = XCBuildConfiguration;
			buildSettings = {
				ASSETCATALOG_COMPILER_APPICON_NAME = AppIcon;
				ASSETCATALOG_COMPILER_GLOBAL_ACCENT_COLOR_NAME = AccentColor;
				CODE_SIGN_STYLE = Automatic;
				CURRENT_PROJECT_VERSION = 1;
				DEVELOPMENT_TEAM = AB2Q682787;
				GENERATE_INFOPLIST_FILE = YES;
				INFOPLIST_FILE = AutoLayoutP/Info.plist;
				INFOPLIST_KEY_UIApplicationSupportsIndirectInputEvents = YES;
				INFOPLIST_KEY_UILaunchStoryboardName = LaunchScreen;
				INFOPLIST_KEY_UISupportedInterfaceOrientations_iPad = "UIInterfaceOrientationPortrait UIInterfaceOrientationPortraitUpsideDown UIInterfaceOrientationLandscapeLeft UIInterfaceOrientationLandscapeRight";
				INFOPLIST_KEY_UISupportedInterfaceOrientations_iPhone = "UIInterfaceOrientationPortrait UIInterfaceOrientationLandscapeLeft UIInterfaceOrientationLandscapeRight";
				IPHONEOS_DEPLOYMENT_TARGET = 17.2;
				LD_RUNPATH_SEARCH_PATHS = (
					"$(inherited)",
					"@executable_path/Frameworks",
				);
				MARKETING_VERSION = 1.0;
				PRODUCT_BUNDLE_IDENTIFIER = com.batuhan.AutoLayoutP;
				PRODUCT_NAME = "$(TARGET_NAME)";
				SWIFT_EMIT_LOC_STRINGS = YES;
				SWIFT_VERSION = 5.0;
				TARGETED_DEVICE_FAMILY = "1,2";
			};
			name = Debug;
		};
		5A2183342BF909E600D03A21 /* Release */ = {
			isa = XCBuildConfiguration;
			buildSettings = {
				ASSETCATALOG_COMPILER_APPICON_NAME = AppIcon;
				ASSETCATALOG_COMPILER_GLOBAL_ACCENT_COLOR_NAME = AccentColor;
				CODE_SIGN_STYLE = Automatic;
				CURRENT_PROJECT_VERSION = 1;
				DEVELOPMENT_TEAM = AB2Q682787;
				GENERATE_INFOPLIST_FILE = YES;
				INFOPLIST_FILE = AutoLayoutP/Info.plist;
				INFOPLIST_KEY_UIApplicationSupportsIndirectInputEvents = YES;
				INFOPLIST_KEY_UILaunchStoryboardName = LaunchScreen;
				INFOPLIST_KEY_UISupportedInterfaceOrientations_iPad = "UIInterfaceOrientationPortrait UIInterfaceOrientationPortraitUpsideDown UIInterfaceOrientationLandscapeLeft UIInterfaceOrientationLandscapeRight";
				INFOPLIST_KEY_UISupportedInterfaceOrientations_iPhone = "UIInterfaceOrientationPortrait UIInterfaceOrientationLandscapeLeft UIInterfaceOrientationLandscapeRight";
				IPHONEOS_DEPLOYMENT_TARGET = 17.2;
				LD_RUNPATH_SEARCH_PATHS = (
					"$(inherited)",
					"@executable_path/Frameworks",
				);
				MARKETING_VERSION = 1.0;
				PRODUCT_BUNDLE_IDENTIFIER = com.batuhan.AutoLayoutP;
				PRODUCT_NAME = "$(TARGET_NAME)";
				SWIFT_EMIT_LOC_STRINGS = YES;
				SWIFT_VERSION = 5.0;
				TARGETED_DEVICE_FAMILY = "1,2";
			};
			name = Release;
		};
/* End XCBuildConfiguration section */

/* Begin XCConfigurationList section */
		5A2183192BF909E500D03A21 /* Build configuration list for PBXProject "AutoLayoutP" */ = {
			isa = XCConfigurationList;
			buildConfigurations = (
				5A2183302BF909E600D03A21 /* Debug */,
				5A2183312BF909E600D03A21 /* Release */,
			);
			defaultConfigurationIsVisible = 0;
			defaultConfigurationName = Release;
		};
		5A2183322BF909E600D03A21 /* Build configuration list for PBXNativeTarget "AutoLayoutP" */ = {
			isa = XCConfigurationList;
			buildConfigurations = (
				5A2183332BF909E600D03A21 /* Debug */,
				5A2183342BF909E600D03A21 /* Release */,
			);
			defaultConfigurationIsVisible = 0;
			defaultConfigurationName = Release;
		};
/* End XCConfigurationList section */
	};
	rootObject = 5A2183162BF909E500D03A21 /* Project object */;
}
